<?xml version="1.0" encoding="utf-8"?>
<Project ToolsVersion="4.0" xmlns="http://schemas.microsoft.com/developer/msbuild/2003">
  <ItemGroup>
    <Filter Include="Source Files">
      <UniqueIdentifier>{4FC737F1-C7A5-4376-A066-2A32D752A2FF}</UniqueIdentifier>
      <Extensions>cpp;c;cc;cxx;def;odl;idl;hpj;bat;asm;asmx</Extensions>
    </Filter>
    <Filter Include="Header Files">
      <UniqueIdentifier>{93995380-89BD-4b04-88EB-625FBE52EBFB}</UniqueIdentifier>
      <Extensions>h;hh;hpp;hxx;hm;inl;inc;ipp;xsd</Extensions>
    </Filter>
    <Filter Include="Interfaces">
      <UniqueIdentifier>{e5a7838e-4bcb-40f8-8b81-bbe37d971734}</UniqueIdentifier>
    </Filter>
    <Filter Include="Common">
      <UniqueIdentifier>{c287c8b7-f4bc-4529-a740-2b71afc9144e}</UniqueIdentifier>
    </Filter>
  </ItemGroup>
  <ItemGroup>
    <ClInclude Include="Headers\VerbosityLevel.h">
      <Filter>Header Files</Filter>
    </ClInclude>
    <ClInclude Include="Common\Headers\Types.h">
      <Filter>Common</Filter>
    </ClInclude>
    <ClInclude Include="Common\Headers\Uncopyable.h">
      <Filter>Common</Filter>
    </ClInclude>
    <ClInclude Include="Common\Headers\Unmovable.h">
      <Filter>Common</Filter>
    </ClInclude>
    <ClInclude Include="Common\Headers\StringUtil.hpp">
      <Filter>Common</Filter>
    </ClInclude>
    <ClInclude Include="Headers\ConfigPackage.h">
      <Filter>Header Files</Filter>
    </ClInclude>
    <ClInclude Include="Headers\OptionFlag.h">
      <Filter>Header Files</Filter>
    </ClInclude>
    <ClInclude Include="Headers\Color.h">
      <Filter>Header Files</Filter>
    </ClInclude>
  </ItemGroup>
  <ItemGroup>
    <ClCompile Include="Source\ConfigPackage.cpp">
      <Filter>Source Files</Filter>
    </ClCompile>
    <ClCompile Include="Source\Color.cpp">
      <Filter>Source Files</Filter>
    </ClCompile>
    <ClCompile Include="Source\VerbosityLevel.cpp">
      <Filter>Source Files</Filter>
    </ClCompile>
    <ClCompile Include="Source\OptionFlag.cpp">
      <Filter>Source Files</Filter>
    </ClCompile>
  </ItemGroup>
</Project>