<?xml version="1.0" encoding="utf-8"?>
<Project ToolsVersion="4.0" xmlns="http://schemas.microsoft.com/developer/msbuild/2003">
  <ItemGroup>
    <Filter Include="Tests">
      <UniqueIdentifier>{d54f9e37-61d6-45d0-8baf-c452b6fd31b0}</UniqueIdentifier>
    </Filter>
    <Filter Include="Tests\Header Files">
      <UniqueIdentifier>{93995380-89BD-4b04-88EB-625FBE52EBFB}</UniqueIdentifier>
      <Extensions>h;hh;hpp;hxx;hm;inl;inc;ipp;xsd</Extensions>
    </Filter>
    <Filter Include="Tests\Source Files">
      <UniqueIdentifier>{4FC737F1-C7A5-4376-A066-2A32D752A2FF}</UniqueIdentifier>
      <Extensions>cpp;c;cc;cxx;def;odl;idl;hpj;bat;asm;asmx</Extensions>
    </Filter>
  </ItemGroup>
  <ItemGroup>
    <ClInclude Include="Headers\OptionFlagTests.h">
      <Filter>Tests\Header Files</Filter>
    </ClInclude>
    <ClInclude Include="Headers\VerbosityLevelTests.h">
      <Filter>Tests\Header Files</Filter>
    </ClInclude>
    <ClInclude Include="Headers\ColorTests.h">
      <Filter>Tests\Header Files</Filter>
    </ClInclude>
    <ClInclude Include="Headers\LoggerBaseTests.h">
      <Filter>Tests\Header Files</Filter>
    </ClInclude>
    <ClInclude Include="Headers\FileLoggerTests.h">
      <Filter>Tests\Header Files</Filter>
    </ClInclude>
    <ClInclude Include="Headers\StdOutLoggerTests.h">
      <Filter>Tests\Header Files</Filter>
    </ClInclude>
  </ItemGroup>
  <ItemGroup>
    <ClCompile Include="Source\OptionFlagTests.cpp">
      <Filter>Tests\Source Files</Filter>
    </ClCompile>
    <ClCompile Include="Source\VerbosityLevelTests.cpp">
      <Filter>Tests\Source Files</Filter>
    </ClCompile>
    <ClCompile Include="Source\ColorTests.cpp">
      <Filter>Tests\Source Files</Filter>
    </ClCompile>
    <ClCompile Include="Source\LoggerBaseTests.cpp">
      <Filter>Tests\Source Files</Filter>
    </ClCompile>
    <ClCompile Include="Source\RunTests.cpp" />
    <ClCompile Include="Source\FileLoggerTests.cpp">
      <Filter>Tests\Source Files</Filter>
    </ClCompile>
    <ClCompile Include="Source\StdOutLoggerTests.cpp">
      <Filter>Tests\Source Files</Filter>
    </ClCompile>
  </ItemGroup>
</Project>